github.com/aws/aws-sdk-go v1.55.7 h1:UJrkFq7es5CShfBwlWAC8DA077vp8PyVbQd3lqLiztE=
github.com/aws/aws-sdk-go v1.55.7/go.mod h1:eRwEWoyTWFMVYVQzKMNHWP5/RV4xIUGMQfXQHfHkpNU=
github.com/davecgh/go-spew v1.1.0 h1:ZDRjVQ15GmhC3fiQ8ni8+OwkZQO4DARzQgrnXU1Liz8=
github.com/davecgh/go-spew v1.1.0/go.mod h1:J7Y8YcW2NihsgmVo/mv3lAwl/skON4iLHjSsI+c5H38=
github.com/google/uuid v1.6.0 h1:NIvaJDMOsjHA8n1jAhLSgzrAzy1Hgr+hNrb57e+94F0=
github.com/google/uuid v1.6.0/go.mod h1:TIyPZe4MgqvfeYDBFedMoGGpEw/LqOeaOT+nhxU+yHo=
github.com/jmespath/go-jmespath v0.4.0 h1:BEgLn5cpjn8UN1mAw4NjwDrS35OdebyEtFe+9YPoQUg=
github.com/jmespath/go-jmespath v0.4.0/go.mod h1:T8mJZnbsbmF+m6zOOFylbeCJqk5+pHWvzYPziyZiYoo=
github.com/jmespath/go-jmespath/internal/testify v1.5.1 h1:shLQSRRSCCPj3f2gpwzGwWFoC7ycTf1rcQZHOlsJ6N8=
github.com/jmespath/go-jmespath/internal/testify v1.5.1/go.mod h1:L3OGu8Wl2/fWfCI6z80xFu9LTZmf1ZRjMHUOPmWr69U=
github.com/juan-carlos-trimino/go-middlewares v1.1.3 h1:nN+KNFGr3f5VfPVLZM4Ef7sb6122HlkwUWUItR9bQ0Y=
github.com/juan-carlos-trimino/go-middlewares v1.1.3/go.mod h1:sNtQet6jYsLQyomd5sDfV3/h88C4CS9B2R+UEBYZefc=
github.com/juan-carlos-trimino/go-os v1.1.0 h1:XDwEZ/2Me9IW/RN6agN9/KzjWC8dT8dgrDVDy23eRLY=
github.com/juan-carlos-trimino/go-os v1.1.0/go.mod h1:PJaYpmLtlhvgLNE5UTyG3xMI/5r3oSoBmcPh+3zC9+Q=
github.com/juan-carlos-trimino/gplogger v1.0.7 h1:BQVilUhSzwd7Mpk7BEsGM91jXS4ZqGvsaQOuCBsspAo=
github.com/juan-carlos-trimino/gplogger v1.0.7/go.mod h1:wzt8B1+I/L3eFMyGnPn/RY1gIKJURDU4j+INH7WMcao=
github.com/juan-carlos-trimino/gposu v1.0.1 h1:yKz1dIerJei5kgrGvk/4lVcNZsP0wk1hsl9AIcOoL9Q=
github.com/juan-carlos-trimino/gposu v1.0.1/go.mod h1:D2VhX/0ct7eY1O5v2BBPLtcO7UBhpJwMgxgEiIW8Mas=
github.com/juan-carlos-trimino/gps3storage v1.0.1 h1:kBT3Wl+M+kUFLpXqwA/v4eWQ21BB4l6dr8qQcmoIdHk=
github.com/juan-carlos-trimino/gps3storage v1.0.1/go.mod h1:VNgpLIN1DU9vIt+cY8GTugENl9iochbpQTblqJ9Du+Y=
github.com/juan-carlos-trimino/gpsessions v1.0.1 h1:fqvbfCGq7OaI4tbG2MK8NRXXu96Yv54zLfwjwI5SA9k=
github.com/juan-carlos-trimino/gpsessions v1.0.1/go.mod h1:ISBhblFGyQjvYQf3KvcWDkqvoowfdN80XadTMzVZ0Xo=
github.com/pmezard/go-difflib v1.0.0 h1:4DBwDE0NGyQoBHbLQYPwSUPoCMWR5BEzIk/f1lZbAQM=
github.com/pmezard/go-difflib v1.0.0/go.mod h1:iKH77koFhYxTK1pcRnkKkqfTogsbg7gZNVY4sRDYZ/4=
github.com/stretchr/objx v0.1.0/go.mod h1:HFkY916IF+rwdDfMAkV7OtwuqBVzrE8GR6GFx+wExME=
golang.org/x/crypto v0.42.0 h1:chiH31gIWm57EkTXpwnqf8qeuMUi0yekh6mT2AvFlqI=
golang.org/x/crypto v0.42.0/go.mod h1:4+rDnOTJhQCx2q7/j6rAN5XDw8kPjeaXEUR2eL94ix8=
golang.org/x/net v0.43.0 h1:lat02VYK2j4aLzMzecihNvTlJNQUq316m2Mr9rnM6YE=
golang.org/x/net v0.43.0/go.mod h1:vhO1fvI4dGsIjh73sWfUVjj3N7CA9WkKJNQm2svM6Jg=
golang.org/x/text v0.29.0 h1:1neNs90w9YzJ9BocxfsQNHKuAT4pkghyXc4nhZ6sJvk=
golang.org/x/text v0.29.0/go.mod h1:7MhJOA9CD2qZyOKYazxdYMF85OwPdEr9jTtBpO7ydH4=
gopkg.in/check.v1 v0.0.0-20161208181325-20d25e280405/go.mod h1:Co6ibVJAznAaIkqp8huTwlJQCZ016jof/cbN4VW5Yz0=
gopkg.in/yaml.v2 v2.2.8 h1:obN1ZagJSUGI0Ek/LBmuj4SNLPfIny3KsKFopxRdj10=
gopkg.in/yaml.v2 v2.2.8/go.mod h1:hI93XBmqTisBFMUTm0b8Fm+jr3Dg1NNxqwp+5A1VGuI=
