github.com/aws/aws-sdk-go v1.53.8 h1:eoqGb1WOHIrCFKo1d51cMcnt1ralfLFaEqRkC5Zzv8k=
github.com/aws/aws-sdk-go v1.53.8/go.mod h1:LF8svs817+Nz+DmiMQKTO3ubZ/6IaTpq3TjupRn3Eqk=
github.com/davecgh/go-spew v1.1.0 h1:ZDRjVQ15GmhC3fiQ8ni8+OwkZQO4DARzQgrnXU1Liz8=
github.com/davecgh/go-spew v1.1.0/go.mod h1:J7Y8YcW2NihsgmVo/mv3lAwl/skON4iLHjSsI+c5H38=
github.com/google/uuid v1.6.0 h1:NIvaJDMOsjHA8n1jAhLSgzrAzy1Hgr+hNrb57e+94F0=
github.com/google/uuid v1.6.0/go.mod h1:TIyPZe4MgqvfeYDBFedMoGGpEw/LqOeaOT+nhxU+yHo=
github.com/jmespath/go-jmespath v0.4.0 h1:BEgLn5cpjn8UN1mAw4NjwDrS35OdebyEtFe+9YPoQUg=
github.com/jmespath/go-jmespath v0.4.0/go.mod h1:T8mJZnbsbmF+m6zOOFylbeCJqk5+pHWvzYPziyZiYoo=
github.com/jmespath/go-jmespath/internal/testify v1.5.1 h1:shLQSRRSCCPj3f2gpwzGwWFoC7ycTf1rcQZHOlsJ6N8=
github.com/jmespath/go-jmespath/internal/testify v1.5.1/go.mod h1:L3OGu8Wl2/fWfCI6z80xFu9LTZmf1ZRjMHUOPmWr69U=
github.com/juan-carlos-trimino/gplogger v1.0.5 h1:d2467UbL/x9oUwmUCG81M9XwJ+08AkUu1gJi4jRmgj4=
github.com/juan-carlos-trimino/gplogger v1.0.5/go.mod h1:n8niBeKi0+U6uIUajS8Bddho3YzNb2FGXxec4k3nY3E=
github.com/juan-carlos-trimino/gpmiddlewares v1.0.0 h1:DCei2aIqX2/ZtLXl1MmDaCb/O/TFzl+4+5gNhm9L8r0=
github.com/juan-carlos-trimino/gpmiddlewares v1.0.0/go.mod h1:Y8xNEGrqIWCD/aWYbbXFpIth7mrgftqb69lxNVHyEZs=
github.com/juan-carlos-trimino/gposu v1.0.0 h1:qiqDja/1KhBHezlhp4SZGj6L+qmTIdaMRqmNnA/5miY=
github.com/juan-carlos-trimino/gposu v1.0.0/go.mod h1:FTY5/pejNnDP5AaQN2hv1X+08HV79TfGl+c7I3tpTJs=
github.com/juan-carlos-trimino/gps3storage v1.0.0 h1:rfCwtnUS/u7W3Rlyg2S/UXTdYVrF/NZO5fVa8bNyOT8=
github.com/juan-carlos-trimino/gps3storage v1.0.0/go.mod h1:V9iZkC62vXuPlDkx0SQ4OM3IztbM3wlhUsmsx3zwoSM=
github.com/juan-carlos-trimino/gpsessions v1.0.0 h1:qU0IiyK11JpoIB4Oqflq/JkgE8/5jUzPKWxmctfxNbA=
github.com/juan-carlos-trimino/gpsessions v1.0.0/go.mod h1:6T2x3R1hEzzqa/aM1NghgYeyiEeZ5ej5YjEeONDSG8c=
github.com/pmezard/go-difflib v1.0.0 h1:4DBwDE0NGyQoBHbLQYPwSUPoCMWR5BEzIk/f1lZbAQM=
github.com/pmezard/go-difflib v1.0.0/go.mod h1:iKH77koFhYxTK1pcRnkKkqfTogsbg7gZNVY4sRDYZ/4=
github.com/stretchr/objx v0.1.0/go.mod h1:HFkY916IF+rwdDfMAkV7OtwuqBVzrE8GR6GFx+wExME=
golang.org/x/crypto v0.23.0 h1:dIJU/v2J8Mdglj/8rJ6UUOM3Zc9zLZxVZwwxMooUSAI=
golang.org/x/crypto v0.23.0/go.mod h1:CKFgDieR+mRhux2Lsu27y0fO304Db0wZe70UKqHu0v8=
golang.org/x/net v0.22.0 h1:9sGLhx7iRIHEiX0oAJ3MRZMUCElJgy7Br1nO+AMN3Tc=
golang.org/x/net v0.22.0/go.mod h1:JKghWKKOSdJwpW2GEx0Ja7fmaKnMsbu+MWVZTokSYmg=
golang.org/x/text v0.24.0 h1:dd5Bzh4yt5KYA8f9CJHCP4FB4D51c2c6JvN37xJJkJ0=
golang.org/x/text v0.24.0/go.mod h1:L8rBsPeo2pSS+xqN0d5u2ikmjtmoJbDBT1b7nHvFCdU=
gopkg.in/check.v1 v0.0.0-20161208181325-20d25e280405/go.mod h1:Co6ibVJAznAaIkqp8huTwlJQCZ016jof/cbN4VW5Yz0=
gopkg.in/yaml.v2 v2.2.8 h1:obN1ZagJSUGI0Ek/LBmuj4SNLPfIny3KsKFopxRdj10=
gopkg.in/yaml.v2 v2.2.8/go.mod h1:hI93XBmqTisBFMUTm0b8Fm+jr3Dg1NNxqwp+5A1VGuI=
